// !$*UTF8*$!
{
	archiveVersion = 1;
	classes = {
	};
	objectVersion = 46;
	objects = {

/* Begin PBXBuildFile section */
		584133EC19C4575600FDBF8B /* Foundation.framework in Frameworks */ = {isa = PBXBuildFile; fileRef = 584133EB19C4575600FDBF8B /* Foundation.framework */; };
		584133EE19C4575600FDBF8B /* CoreGraphics.framework in Frameworks */ = {isa = PBXBuildFile; fileRef = 584133ED19C4575600FDBF8B /* CoreGraphics.framework */; };
		584133F019C4575600FDBF8B /* UIKit.framework in Frameworks */ = {isa = PBXBuildFile; fileRef = 584133EF19C4575600FDBF8B /* UIKit.framework */; };
		584133F619C4575600FDBF8B /* InfoPlist.strings in Resources */ = {isa = PBXBuildFile; fileRef = 584133F419C4575600FDBF8B /* InfoPlist.strings */; };
		584133F819C4575600FDBF8B /* main.m in Sources */ = {isa = PBXBuildFile; fileRef = 584133F719C4575600FDBF8B /* main.m */; };
		584133FC19C4575600FDBF8B /* AppDelegate.m in Sources */ = {isa = PBXBuildFile; fileRef = 584133FB19C4575600FDBF8B /* AppDelegate.m */; };
		584133FF19C4575600FDBF8B /* Main.storyboard in Resources */ = {isa = PBXBuildFile; fileRef = 584133FD19C4575600FDBF8B /* Main.storyboard */; };
		5841340219C4575600FDBF8B /* ViewController.m in Sources */ = {isa = PBXBuildFile; fileRef = 5841340119C4575600FDBF8B /* ViewController.m */; };
		5841340419C4575600FDBF8B /* Images.xcassets in Resources */ = {isa = PBXBuildFile; fileRef = 5841340319C4575600FDBF8B /* Images.xcassets */; };
		5841340B19C4575700FDBF8B /* XCTest.framework in Frameworks */ = {isa = PBXBuildFile; fileRef = 5841340A19C4575700FDBF8B /* XCTest.framework */; };
		5841340C19C4575700FDBF8B /* Foundation.framework in Frameworks */ = {isa = PBXBuildFile; fileRef = 584133EB19C4575600FDBF8B /* Foundation.framework */; };
		5841340D19C4575700FDBF8B /* UIKit.framework in Frameworks */ = {isa = PBXBuildFile; fileRef = 584133EF19C4575600FDBF8B /* UIKit.framework */; };
		5841341519C4575700FDBF8B /* InfoPlist.strings in Resources */ = {isa = PBXBuildFile; fileRef = 5841341319C4575700FDBF8B /* InfoPlist.strings */; };
		5841341719C4575700FDBF8B /* CardGame_StanfordProTests.m in Sources */ = {isa = PBXBuildFile; fileRef = 5841341619C4575700FDBF8B /* CardGame_StanfordProTests.m */; };
/* End PBXBuildFile section */

/* Begin PBXContainerItemProxy section */
		5841340E19C4575700FDBF8B /* PBXContainerItemProxy */ = {
			isa = PBXContainerItemProxy;
			containerPortal = 584133E019C4575600FDBF8B /* Project object */;
			proxyType = 1;
			remoteGlobalIDString = 584133E719C4575600FDBF8B;
			remoteInfo = CardGame_StanfordPro;
		};
/* End PBXContainerItemProxy section */

/* Begin PBXFileReference section */
		584133E819C4575600FDBF8B /* CardGame_StanfordPro.app */ = {isa = PBXFileReference; explicitFileType = wrapper.application; includeInIndex = 0; path = CardGame_StanfordPro.app; sourceTree = BUILT_PRODUCTS_DIR; };
		584133EB19C4575600FDBF8B /* Foundation.framework */ = {isa = PBXFileReference; lastKnownFileType = wrapper.framework; name = Foundation.framework; path = System/Library/Frameworks/Foundation.framework; sourceTree = SDKROOT; };
		584133ED19C4575600FDBF8B /* CoreGraphics.framework */ = {isa = PBXFileReference; lastKnownFileType = wrapper.framework; name = CoreGraphics.framework; path = System/Library/Frameworks/CoreGraphics.framework; sourceTree = SDKROOT; };
		584133EF19C4575600FDBF8B /* UIKit.framework */ = {isa = PBXFileReference; lastKnownFileType = wrapper.framework; name = UIKit.framework; path = System/Library/Frameworks/UIKit.framework; sourceTree = SDKROOT; };
		584133F319C4575600FDBF8B /* CardGame_StanfordPro-Info.plist */ = {isa = PBXFileReference; lastKnownFileType = text.plist.xml; path = "CardGame_StanfordPro-Info.plist"; sourceTree = "<group>"; };
		584133F519C4575600FDBF8B /* en */ = {isa = PBXFileReference; lastKnownFileType = text.plist.strings; name = en; path = en.lproj/InfoPlist.strings; sourceTree = "<group>"; };
		584133F719C4575600FDBF8B /* main.m */ = {isa = PBXFileReference; lastKnownFileType = sourcecode.c.objc; path = main.m; sourceTree = "<group>"; };
		584133F919C4575600FDBF8B /* CardGame_StanfordPro-Prefix.pch */ = {isa = PBXFileReference; lastKnownFileType = sourcecode.c.h; path = "CardGame_StanfordPro-Prefix.pch"; sourceTree = "<group>"; };
		584133FA19C4575600FDBF8B /* AppDelegate.h */ = {isa = PBXFileReference; lastKnownFileType = sourcecode.c.h; path = AppDelegate.h; sourceTree = "<group>"; };
		584133FB19C4575600FDBF8B /* AppDelegate.m */ = {isa = PBXFileReference; lastKnownFileType = sourcecode.c.objc; path = AppDelegate.m; sourceTree = "<group>"; };
		584133FE19C4575600FDBF8B /* Base */ = {isa = PBXFileReference; lastKnownFileType = file.storyboard; name = Base; path = Base.lproj/Main.storyboard; sourceTree = "<group>"; };
		5841340019C4575600FDBF8B /* ViewController.h */ = {isa = PBXFileReference; lastKnownFileType = sourcecode.c.h; path = ViewController.h; sourceTree = "<group>"; };
		5841340119C4575600FDBF8B /* ViewController.m */ = {isa = PBXFileReference; lastKnownFileType = sourcecode.c.objc; path = ViewController.m; sourceTree = "<group>"; };
		5841340319C4575600FDBF8B /* Images.xcassets */ = {isa = PBXFileReference; lastKnownFileType = folder.assetcatalog; path = Images.xcassets; sourceTree = "<group>"; };
		5841340919C4575700FDBF8B /* CardGame_StanfordProTests.xctest */ = {isa = PBXFileReference; explicitFileType = wrapper.cfbundle; includeInIndex = 0; path = CardGame_StanfordProTests.xctest; sourceTree = BUILT_PRODUCTS_DIR; };
		5841340A19C4575700FDBF8B /* XCTest.framework */ = {isa = PBXFileReference; lastKnownFileType = wrapper.framework; name = XCTest.framework; path = Library/Frameworks/XCTest.framework; sourceTree = DEVELOPER_DIR; };
		5841341219C4575700FDBF8B /* CardGame_StanfordProTests-Info.plist */ = {isa = PBXFileReference; lastKnownFileType = text.plist.xml; path = "CardGame_StanfordProTests-Info.plist"; sourceTree = "<group>"; };
		5841341419C4575700FDBF8B /* en */ = {isa = PBXFileReference; lastKnownFileType = text.plist.strings; name = en; path = en.lproj/InfoPlist.strings; sourceTree = "<group>"; };
		5841341619C4575700FDBF8B /* CardGame_StanfordProTests.m */ = {isa = PBXFileReference; lastKnownFileType = sourcecode.c.objc; path = CardGame_StanfordProTests.m; sourceTree = "<group>"; };
/* End PBXFileReference section */

/* Begin PBXFrameworksBuildPhase section */
		584133E519C4575600FDBF8B /* Frameworks */ = {
			isa = PBXFrameworksBuildPhase;
			buildActionMask = 2147483647;
			files = (
				584133EE19C4575600FDBF8B /* CoreGraphics.framework in Frameworks */,
				584133F019C4575600FDBF8B /* UIKit.framework in Frameworks */,
				584133EC19C4575600FDBF8B /* Foundation.framework in Frameworks */,
			);
			runOnlyForDeploymentPostprocessing = 0;
		};
		5841340619C4575700FDBF8B /* Frameworks */ = {
			isa = PBXFrameworksBuildPhase;
			buildActionMask = 2147483647;
			files = (
				5841340B19C4575700FDBF8B /* XCTest.framework in Frameworks */,
				5841340D19C4575700FDBF8B /* UIKit.framework in Frameworks */,
				5841340C19C4575700FDBF8B /* Foundation.framework in Frameworks */,
			);
			runOnlyForDeploymentPostprocessing = 0;
		};
/* End PBXFrameworksBuildPhase section */

/* Begin PBXGroup section */
		584133DF19C4575600FDBF8B = {
			isa = PBXGroup;
			children = (
				584133F119C4575600FDBF8B /* CardGame_StanfordPro */,
				5841341019C4575700FDBF8B /* CardGame_StanfordProTests */,
				584133EA19C4575600FDBF8B /* Frameworks */,
				584133E919C4575600FDBF8B /* Products */,
			);
			sourceTree = "<group>";
		};
		584133E919C4575600FDBF8B /* Products */ = {
			isa = PBXGroup;
			children = (
				584133E819C4575600FDBF8B /* CardGame_StanfordPro.app */,
				5841340919C4575700FDBF8B /* CardGame_StanfordProTests.xctest */,
			);
			name = Products;
			sourceTree = "<group>";
		};
		584133EA19C4575600FDBF8B /* Frameworks */ = {
			isa = PBXGroup;
			children = (
				584133EB19C4575600FDBF8B /* Foundation.framework */,
				584133ED19C4575600FDBF8B /* CoreGraphics.framework */,
				584133EF19C4575600FDBF8B /* UIKit.framework */,
				5841340A19C4575700FDBF8B /* XCTest.framework */,
			);
			name = Frameworks;
			sourceTree = "<group>";
		};
		584133F119C4575600FDBF8B /* CardGame_StanfordPro */ = {
			isa = PBXGroup;
			children = (
				584133FA19C4575600FDBF8B /* AppDelegate.h */,
				584133FB19C4575600FDBF8B /* AppDelegate.m */,
				584133FD19C4575600FDBF8B /* Main.storyboard */,
				5841340019C4575600FDBF8B /* ViewController.h */,
				5841340119C4575600FDBF8B /* ViewController.m */,
				5841340319C4575600FDBF8B /* Images.xcassets */,
				584133F219C4575600FDBF8B /* Supporting Files */,
			);
			path = CardGame_StanfordPro;
			sourceTree = "<group>";
		};
		584133F219C4575600FDBF8B /* Supporting Files */ = {
			isa = PBXGroup;
			children = (
				584133F319C4575600FDBF8B /* CardGame_StanfordPro-Info.plist */,
				584133F419C4575600FDBF8B /* InfoPlist.strings */,
				584133F719C4575600FDBF8B /* main.m */,
				584133F919C4575600FDBF8B /* CardGame_StanfordPro-Prefix.pch */,
			);
			name = "Supporting Files";
			sourceTree = "<group>";
		};
		5841341019C4575700FDBF8B /* CardGame_StanfordProTests */ = {
			isa = PBXGroup;
			children = (
				5841341619C4575700FDBF8B /* CardGame_StanfordProTests.m */,
				5841341119C4575700FDBF8B /* Supporting Files */,
			);
			path = CardGame_StanfordProTests;
			sourceTree = "<group>";
		};
		5841341119C4575700FDBF8B /* Supporting Files */ = {
			isa = PBXGroup;
			children = (
				5841341219C4575700FDBF8B /* CardGame_StanfordProTests-Info.plist */,
				5841341319C4575700FDBF8B /* InfoPlist.strings */,
			);
			name = "Supporting Files";
			sourceTree = "<group>";
		};
/* End PBXGroup section */

/* Begin PBXNativeTarget section */
		584133E719C4575600FDBF8B /* CardGame_StanfordPro */ = {
			isa = PBXNativeTarget;
			buildConfigurationList = 5841341A19C4575700FDBF8B /* Build configuration list for PBXNativeTarget "CardGame_StanfordPro" */;
			buildPhases = (
				584133E419C4575600FDBF8B /* Sources */,
				584133E519C4575600FDBF8B /* Frameworks */,
				584133E619C4575600FDBF8B /* Resources */,
			);
			buildRules = (
			);
			dependencies = (
			);
			name = CardGame_StanfordPro;
			productName = CardGame_StanfordPro;
			productReference = 584133E819C4575600FDBF8B /* CardGame_StanfordPro.app */;
			productType = "com.apple.product-type.application";
		};
		5841340819C4575700FDBF8B /* CardGame_StanfordProTests */ = {
			isa = PBXNativeTarget;
			buildConfigurationList = 5841341D19C4575700FDBF8B /* Build configuration list for PBXNativeTarget "CardGame_StanfordProTests" */;
			buildPhases = (
				5841340519C4575700FDBF8B /* Sources */,
				5841340619C4575700FDBF8B /* Frameworks */,
				5841340719C4575700FDBF8B /* Resources */,
			);
			buildRules = (
			);
			dependencies = (
				5841340F19C4575700FDBF8B /* PBXTargetDependency */,
			);
			name = CardGame_StanfordProTests;
			productName = CardGame_StanfordProTests;
			productReference = 5841340919C4575700FDBF8B /* CardGame_StanfordProTests.xctest */;
			productType = "com.apple.product-type.bundle.unit-test";
		};
/* End PBXNativeTarget section */

/* Begin PBXProject section */
		584133E019C4575600FDBF8B /* Project object */ = {
			isa = PBXProject;
			attributes = {
				LastUpgradeCheck = 0510;
				ORGANIZATIONNAME = devAspirant.wordpress.com;
				TargetAttributes = {
					5841340819C4575700FDBF8B = {
						TestTargetID = 584133E719C4575600FDBF8B;
					};
				};
			};
			buildConfigurationList = 584133E319C4575600FDBF8B /* Build configuration list for PBXProject "CardGame_StanfordPro" */;
			compatibilityVersion = "Xcode 3.2";
			developmentRegion = English;
			hasScannedForEncodings = 0;
			knownRegions = (
				en,
				Base,
			);
			mainGroup = 584133DF19C4575600FDBF8B;
			productRefGroup = 584133E919C4575600FDBF8B /* Products */;
			projectDirPath = "";
			projectRoot = "";
			targets = (
				584133E719C4575600FDBF8B /* CardGame_StanfordPro */,
				5841340819C4575700FDBF8B /* CardGame_StanfordProTests */,
			);
		};
/* End PBXProject section */

/* Begin PBXResourcesBuildPhase section */
		584133E619C4575600FDBF8B /* Resources */ = {
			isa = PBXResourcesBuildPhase;
			buildActionMask = 2147483647;
			files = (
				5841340419C4575600FDBF8B /* Images.xcassets in Resources */,
				584133F619C4575600FDBF8B /* InfoPlist.strings in Resources */,
				584133FF19C4575600FDBF8B /* Main.storyboard in Resources */,
			);
			runOnlyForDeploymentPostprocessing = 0;
		};
		5841340719C4575700FDBF8B /* Resources */ = {
			isa = PBXResourcesBuildPhase;
			buildActionMask = 2147483647;
			files = (
				5841341519C4575700FDBF8B /* InfoPlist.strings in Resources */,
			);
			runOnlyForDeploymentPostprocessing = 0;
		};
/* End PBXResourcesBuildPhase section */

/* Begin PBXSourcesBuildPhase section */
		584133E419C4575600FDBF8B /* Sources */ = {
			isa = PBXSourcesBuildPhase;
			buildActionMask = 2147483647;
			files = (
				5841340219C4575600FDBF8B /* ViewController.m in Sources */,
				584133FC19C4575600FDBF8B /* AppDelegate.m in Sources */,
				584133F819C4575600FDBF8B /* main.m in Sources */,
			);
			runOnlyForDeploymentPostprocessing = 0;
		};
		5841340519C4575700FDBF8B /* Sources */ = {
			isa = PBXSourcesBuildPhase;
			buildActionMask = 2147483647;
			files = (
				5841341719C4575700FDBF8B /* CardGame_StanfordProTests.m in Sources */,
			);
			runOnlyForDeploymentPostprocessing = 0;
		};
/* End PBXSourcesBuildPhase section */

/* Begin PBXTargetDependency section */
		5841340F19C4575700FDBF8B /* PBXTargetDependency */ = {
			isa = PBXTargetDependency;
			target = 584133E719C4575600FDBF8B /* CardGame_StanfordPro */;
			targetProxy = 5841340E19C4575700FDBF8B /* PBXContainerItemProxy */;
		};
/* End PBXTargetDependency section */

/* Begin PBXVariantGroup section */
		584133F419C4575600FDBF8B /* InfoPlist.strings */ = {
			isa = PBXVariantGroup;
			children = (
				584133F519C4575600FDBF8B /* en */,
			);
			name = InfoPlist.strings;
			sourceTree = "<group>";
		};
		584133FD19C4575600FDBF8B /* Main.storyboard */ = {
			isa = PBXVariantGroup;
			children = (
				584133FE19C4575600FDBF8B /* Base */,
			);
			name = Main.storyboard;
			sourceTree = "<group>";
		};
		5841341319C4575700FDBF8B /* InfoPlist.strings */ = {
			isa = PBXVariantGroup;
			children = (
				5841341419C4575700FDBF8B /* en */,
			);
			name = InfoPlist.strings;
			sourceTree = "<group>";
		};
/* End PBXVariantGroup section */

/* Begin XCBuildConfiguration section */
		5841341819C4575700FDBF8B /* Debug */ = {
			isa = XCBuildConfiguration;
			buildSettings = {
				ALWAYS_SEARCH_USER_PATHS = NO;
				CLANG_CXX_LANGUAGE_STANDARD = "gnu++0x";
				CLANG_CXX_LIBRARY = "libc++";
				CLANG_ENABLE_MODULES = YES;
				CLANG_ENABLE_OBJC_ARC = YES;
				CLANG_WARN_BOOL_CONVERSION = YES;
				CLANG_WARN_CONSTANT_CONVERSION = YES;
				CLANG_WARN_DIRECT_OBJC_ISA_USAGE = YES_ERROR;
				CLANG_WARN_EMPTY_BODY = YES;
				CLANG_WARN_ENUM_CONVERSION = YES;
				CLANG_WARN_INT_CONVERSION = YES;
				CLANG_WARN_OBJC_ROOT_CLASS = YES_ERROR;
				CLANG_WARN__DUPLICATE_METHOD_MATCH = YES;
				"CODE_SIGN_IDENTITY[sdk=iphoneos*]" = "iPhone Developer";
				COPY_PHASE_STRIP = NO;
				GCC_C_LANGUAGE_STANDARD = gnu99;
				GCC_DYNAMIC_NO_PIC = NO;
				GCC_OPTIMIZATION_LEVEL = 0;
				GCC_PREPROCESSOR_DEFINITIONS = (
					"DEBUG=1",
					"$(inherited)",
				);
				GCC_SYMBOLS_PRIVATE_EXTERN = NO;
				GCC_WARN_64_TO_32_BIT_CONVERSION = YES;
				GCC_WARN_ABOUT_RETURN_TYPE = YES_ERROR;
				GCC_WARN_UNDECLARED_SELECTOR = YES;
				GCC_WARN_UNINITIALIZED_AUTOS = YES_AGGRESSIVE;
				GCC_WARN_UNUSED_FUNCTION = YES;
				GCC_WARN_UNUSED_VARIABLE = YES;
				IPHONEOS_DEPLOYMENT_TARGET = 7.1;
				ONLY_ACTIVE_ARCH = YES;
				SDKROOT = iphoneos;
			};
			name = Debug;
		};
		5841341919C4575700FDBF8B /* Release */ = {
			isa = XCBuildConfiguration;
			buildSettings = {
				ALWAYS_SEARCH_USER_PATHS = NO;
				CLANG_CXX_LANGUAGE_STANDARD = "gnu++0x";
				CLANG_CXX_LIBRARY = "libc++";
				CLANG_ENABLE_MODULES = YES;
				CLANG_ENABLE_OBJC_ARC = YES;
				CLANG_WARN_BOOL_CONVERSION = YES;
				CLANG_WARN_CONSTANT_CONVERSION = YES;
				CLANG_WARN_DIRECT_OBJC_ISA_USAGE = YES_ERROR;
				CLANG_WARN_EMPTY_BODY = YES;
				CLANG_WARN_ENUM_CONVERSION = YES;
				CLANG_WARN_INT_CONVERSION = YES;
				CLANG_WARN_OBJC_ROOT_CLASS = YES_ERROR;
				CLANG_WARN__DUPLICATE_METHOD_MATCH = YES;
				"CODE_SIGN_IDENTITY[sdk=iphoneos*]" = "iPhone Developer";
				COPY_PHASE_STRIP = YES;
				ENABLE_NS_ASSERTIONS = NO;
				GCC_C_LANGUAGE_STANDARD = gnu99;
				GCC_WARN_64_TO_32_BIT_CONVERSION = YES;
				GCC_WARN_ABOUT_RETURN_TYPE = YES_ERROR;
				GCC_WARN_UNDECLARED_SELECTOR = YES;
				GCC_WARN_UNINITIALIZED_AUTOS = YES_AGGRESSIVE;
				GCC_WARN_UNUSED_FUNCTION = YES;
				GCC_WARN_UNUSED_VARIABLE = YES;
				IPHONEOS_DEPLOYMENT_TARGET = 7.1;
				SDKROOT = iphoneos;
				VALIDATE_PRODUCT = YES;
			};
			name = Release;
		};
		5841341B19C4575700FDBF8B /* Debug */ = {
			isa = XCBuildConfiguration;
			buildSettings = {
				ASSETCATALOG_COMPILER_APPICON_NAME = AppIcon;
				ASSETCATALOG_COMPILER_LAUNCHIMAGE_NAME = LaunchImage;
				GCC_PRECOMPILE_PREFIX_HEADER = YES;
				GCC_PREFIX_HEADER = "CardGame_StanfordPro/CardGame_StanfordPro-Prefix.pch";
				INFOPLIST_FILE = "CardGame_StanfordPro/CardGame_StanfordPro-Info.plist";
				PRODUCT_NAME = "$(TARGET_NAME)";
				WRAPPER_EXTENSION = app;
			};
			name = Debug;
		};
		5841341C19C4575700FDBF8B /* Release */ = {
			isa = XCBuildConfiguration;
			buildSettings = {
				ASSETCATALOG_COMPILER_APPICON_NAME = AppIcon;
				ASSETCATALOG_COMPILER_LAUNCHIMAGE_NAME = LaunchImage;
				GCC_PRECOMPILE_PREFIX_HEADER = YES;
				GCC_PREFIX_HEADER = "CardGame_StanfordPro/CardGame_StanfordPro-Prefix.pch";
				INFOPLIST_FILE = "CardGame_StanfordPro/CardGame_StanfordPro-Info.plist";
				PRODUCT_NAME = "$(TARGET_NAME)";
				WRAPPER_EXTENSION = app;
			};
			name = Release;
		};
		5841341E19C4575700FDBF8B /* Debug */ = {
			isa = XCBuildConfiguration;
			buildSettings = {
				BUNDLE_LOADER = "$(BUILT_PRODUCTS_DIR)/CardGame_StanfordPro.app/CardGame_StanfordPro";
				FRAMEWORK_SEARCH_PATHS = (
					"$(SDKROOT)/Developer/Library/Frameworks",
					"$(inherited)",
					"$(DEVELOPER_FRAMEWORKS_DIR)",
				);
				GCC_PRECOMPILE_PREFIX_HEADER = YES;
				GCC_PREFIX_HEADER = "CardGame_StanfordPro/CardGame_StanfordPro-Prefix.pch";
				GCC_PREPROCESSOR_DEFINITIONS = (
					"DEBUG=1",
					"$(inherited)",
				);
				INFOPLIST_FILE = "CardGame_StanfordProTests/CardGame_StanfordProTests-Info.plist";
				PRODUCT_NAME = "$(TARGET_NAME)";
				TEST_HOST = "$(BUNDLE_LOADER)";
				WRAPPER_EXTENSION = xctest;
			};
			name = Debug;
		};
		5841341F19C4575700FDBF8B /* Release */ = {
			isa = XCBuildConfiguration;
			buildSettings = {
				BUNDLE_LOADER = "$(BUILT_PRODUCTS_DIR)/CardGame_StanfordPro.app/CardGame_StanfordPro";
				FRAMEWORK_SEARCH_PATHS = (
					"$(SDKROOT)/Developer/Library/Frameworks",
					"$(inherited)",
					"$(DEVELOPER_FRAMEWORKS_DIR)",
				);
				GCC_PRECOMPILE_PREFIX_HEADER = YES;
				GCC_PREFIX_HEADER = "CardGame_StanfordPro/CardGame_StanfordPro-Prefix.pch";
				INFOPLIST_FILE = "CardGame_StanfordProTests/CardGame_StanfordProTests-Info.plist";
				PRODUCT_NAME = "$(TARGET_NAME)";
				TEST_HOST = "$(BUNDLE_LOADER)";
				WRAPPER_EXTENSION = xctest;
			};
			name = Release;
		};
/* End XCBuildConfiguration section */

/* Begin XCConfigurationList section */
		584133E319C4575600FDBF8B /* Build configuration list for PBXProject "CardGame_StanfordPro" */ = {
			isa = XCConfigurationList;
			buildConfigurations = (
				5841341819C4575700FDBF8B /* Debug */,
				5841341919C4575700FDBF8B /* Release */,
			);
			defaultConfigurationIsVisible = 0;
			defaultConfigurationName = Release;
		};
		5841341A19C4575700FDBF8B /* Build configuration list for PBXNativeTarget "CardGame_StanfordPro" */ = {
			isa = XCConfigurationList;
			buildConfigurations = (
				5841341B19C4575700FDBF8B /* Debug */,
				5841341C19C4575700FDBF8B /* Release */,
			);
			defaultConfigurationIsVisible = 0;
		};
		5841341D19C4575700FDBF8B /* Build configuration list for PBXNativeTarget "CardGame_StanfordProTests" */ = {
			isa = XCConfigurationList;
			buildConfigurations = (
				5841341E19C4575700FDBF8B /* Debug */,
				5841341F19C4575700FDBF8B /* Release */,
			);
			defaultConfigurationIsVisible = 0;
		};
/* End XCConfigurationList section */
	};
	rootObject = 584133E019C4575600FDBF8B /* Project object */;
}
